{
  "version": 4,
  "terraform_version": "1.6.1",
  "serial": 1,
  "lineage": "3ff3e3ff-a097-db2e-a068-c3c590c1d473",
  "outputs": {},
  "resources": [
    {
      "mode": "managed",
      "type": "local_file",
      "name": "demo",
      "provider": "provider[\"registry.terraform.io/hashicorp/local\"]",
      "instances": [
        {
          "schema_version": 0,
          "attributes": {
            "content": "BUDDY, testing is working",
            "content_base64": null,
            "content_base64sha256": "6KzpAPB++/ndzMP9tO4gzkpKYuYSF7zbGXNMXBbNNus=",
            "content_base64sha512": "ihN2y7XyIZ3S96TjEMbe9H8THolcp548xWrhdeFu+wY3WOxptKK12Ya4uKiwtlvBhfbTyll93FuEjW+xBzRAnA==",
            "content_md5": "76adc415bd83d9fb3ba9d23b3da87bbf",
            "content_sha1": "bd0be1b09999153e14de38e1e19ca5f046077358",
            "content_sha256": "e8ace900f07efbf9ddccc3fdb4ee20ce4a4a62e61217bcdb19734c5c16cd36eb",
            "content_sha512": "8a1376cbb5f2219dd2f7a4e310c6def47f131e895ca79e3cc56ae175e16efb063758ec69b4a2b5d986b8b8a8b0b65bc185f6d3ca597ddc5b848d6fb10734409c",
            "directory_permission": "0777",
            "file_permission": "0777",
            "filename": "/Users/vignesh/Downloads/demo.txt",
            "id": "bd0be1b09999153e14de38e1e19ca5f046077358",
            "sensitive_content": null,
            "source": null
          },
          "sensitive_attributes": []
        }
      ]
    }
  ],
  "check_results": null
}
